
Microsoft Visual Studio Solution File, Format Version 12.00
# Visual Studio 15
VisualStudioVersion = 15.0.27703.2042
MinimumVisualStudioVersion = 10.0.40219.1
Project("{FAE04EC0-301F-11D3-BF4B-00C04F79EFBC}") = "27.05.2019WPF", "27.05.2019WPF\27.05.2019WPF.csproj", "{D5641287-B53A-4E56-A11E-8B22A2884E4E}"
EndProject
Global
	GlobalSection(SolutionConfigurationPlatforms) = preSolution
		Debug|Any CPU = Debug|Any CPU
		Release|Any CPU = Release|Any CPU
	EndGlobalSection
	GlobalSection(ProjectConfigurationPlatforms) = postSolution
		{D5641287-B53A-4E56-A11E-8B22A2884E4E}.Debug|Any CPU.ActiveCfg = Debug|Any CPU
		{D5641287-B53A-4E56-A11E-8B22A2884E4E}.Debug|Any CPU.Build.0 = Debug|Any CPU
		{D5641287-B53A-4E56-A11E-8B22A2884E4E}.Release|Any CPU.ActiveCfg = Release|Any CPU
		{D5641287-B53A-4E56-A11E-8B22A2884E4E}.Release|Any CPU.Build.0 = Release|Any CPU
	EndGlobalSection
	GlobalSection(SolutionProperties) = preSolution
		HideSolutionNode = FALSE
	EndGlobalSection
	GlobalSection(ExtensibilityGlobals) = postSolution
		SolutionGuid = {140B74B7-4694-4964-A2D7-DC1AB70C3C34}
	EndGlobalSection
EndGlobal
